# THIS IS AN AUTOGENERATED FILE. DO NOT EDIT THIS FILE DIRECTLY.
# yarn lockfile v1


"@vant/weapp@^1.8.5":
  version "1.8.5"
  resolved "https://registry.nlark.com/@vant/weapp/download/@vant/weapp-1.8.5.tgz#91edf5ff7fe692d41c3baeddefce7d86fddf341e"
  integrity sha1-ke31/3/mktQcO67d7859hv3fNB4=

miniprogram-api-promise@^1.0.4:
  version "1.0.4"
  resolved "https://registry.nlark.com/miniprogram-api-promise/download/miniprogram-api-promise-1.0.4.tgz#fefe9b72923fd31f88b12463b502cb457c892b4c"
  integrity sha1-/v6bcpI/0x+IsSRjtQLLRXyJK0w=
